
Microsoft Visual Studio Solution File, Format Version 12.00
Project("{FAE04EC0-301F-11D3-BF4B-00C04F79EFBC}") = "TSP.Core", "TSP.Core\TSP.Core.csproj", "{8EA0A2E3-13FD-4C1C-9DF4-91A8E34BFE8E}"
EndProject
Project("{FAE04EC0-301F-11D3-BF4B-00C04F79EFBC}") = "TSP.Avalonia", "TSP.Avalonia\TSP.Avalonia.csproj", "{7C583E6B-DC65-44E6-B5A3-E97F34BB4E6D}"
EndProject
Project("{FAE04EC0-301F-11D3-BF4B-00C04F79EFBC}") = "TSP.Parameters", "TSP.Parameters\TSP.Parameters.csproj", "{6776B195-BC08-49BD-95F1-D0014F333352}"
EndProject
Project("{FAE04EC0-301F-11D3-BF4B-00C04F79EFBC}") = "TSP.Experiments", "TSP.Experiments\TSP.Experiments.csproj", "{685D6723-DE77-44C0-9EF3-639593768D24}"
EndProject
Global
	GlobalSection(SolutionConfigurationPlatforms) = preSolution
		Debug|Any CPU = Debug|Any CPU
		Release|Any CPU = Release|Any CPU
	EndGlobalSection
	GlobalSection(ProjectConfigurationPlatforms) = postSolution
		{7C583E6B-DC65-44E6-B5A3-E97F34BB4E6D}.Debug|Any CPU.ActiveCfg = Debug|Any CPU
		{7C583E6B-DC65-44E6-B5A3-E97F34BB4E6D}.Debug|Any CPU.Build.0 = Debug|Any CPU
		{7C583E6B-DC65-44E6-B5A3-E97F34BB4E6D}.Release|Any CPU.ActiveCfg = Release|Any CPU
		{7C583E6B-DC65-44E6-B5A3-E97F34BB4E6D}.Release|Any CPU.Build.0 = Release|Any CPU
		{6776B195-BC08-49BD-95F1-D0014F333352}.Debug|Any CPU.ActiveCfg = Debug|Any CPU
		{6776B195-BC08-49BD-95F1-D0014F333352}.Debug|Any CPU.Build.0 = Debug|Any CPU
		{6776B195-BC08-49BD-95F1-D0014F333352}.Release|Any CPU.ActiveCfg = Release|Any CPU
		{6776B195-BC08-49BD-95F1-D0014F333352}.Release|Any CPU.Build.0 = Release|Any CPU
		{685D6723-DE77-44C0-9EF3-639593768D24}.Debug|Any CPU.ActiveCfg = Debug|Any CPU
		{685D6723-DE77-44C0-9EF3-639593768D24}.Debug|Any CPU.Build.0 = Debug|Any CPU
		{685D6723-DE77-44C0-9EF3-639593768D24}.Release|Any CPU.ActiveCfg = Release|Any CPU
		{685D6723-DE77-44C0-9EF3-639593768D24}.Release|Any CPU.Build.0 = Release|Any CPU
	EndGlobalSection
EndGlobal
